
Microsoft Visual Studio Solution File, Format Version 9.00
# Visual Studio 2005
Project("{8BC9CEB8-8B4A-11D0-8D11-00A0C91BC942}") = "fat_tool", "fat_tool.vcproj", "{44B0A008-7DCB-4F90-9FE2-0E8B4521AF78}"
EndProject
Project("{8BC9CEB8-8B4A-11D0-8D11-00A0C91BC942}") = "fat_lualib", "..\fat_lualib\fat_lualib.vcproj", "{A6638F9E-660B-4C9A-B38B-65CDBD5D268F}"
EndProject
Global
	GlobalSection(SolutionConfigurationPlatforms) = preSolution
		Debug|Win32 = Debug|Win32
		Release|Win32 = Release|Win32
	EndGlobalSection
	GlobalSection(ProjectConfigurationPlatforms) = postSolution
		{44B0A008-7DCB-4F90-9FE2-0E8B4521AF78}.Debug|Win32.ActiveCfg = Debug|Win32
		{44B0A008-7DCB-4F90-9FE2-0E8B4521AF78}.Debug|Win32.Build.0 = Debug|Win32
		{44B0A008-7DCB-4F90-9FE2-0E8B4521AF78}.Release|Win32.ActiveCfg = Release|Win32
		{44B0A008-7DCB-4F90-9FE2-0E8B4521AF78}.Release|Win32.Build.0 = Release|Win32
		{A6638F9E-660B-4C9A-B38B-65CDBD5D268F}.Debug|Win32.ActiveCfg = Debug|Win32
		{A6638F9E-660B-4C9A-B38B-65CDBD5D268F}.Debug|Win32.Build.0 = Debug|Win32
		{A6638F9E-660B-4C9A-B38B-65CDBD5D268F}.Release|Win32.ActiveCfg = Release|Win32
		{A6638F9E-660B-4C9A-B38B-65CDBD5D268F}.Release|Win32.Build.0 = Release|Win32
	EndGlobalSection
	GlobalSection(SolutionProperties) = preSolution
		HideSolutionNode = FALSE
	EndGlobalSection
EndGlobal
